
Microsoft Visual Studio Solution File, Format Version 12.00
# Visual Studio Version 17
VisualStudioVersion = 17.0.31903.59
MinimumVisualStudioVersion = 10.0.40219.1
Project("{FAE04EC0-301F-11D3-BF4B-00C04F79EFBC}") = "StoreApp", "StoreApp\StoreApp.csproj", "{9018CC84-FF21-4FB7-BF8A-AEF9E3B99BF1}"
EndProject
Project("{FAE04EC0-301F-11D3-BF4B-00C04F79EFBC}") = "Entities", "Entities\Entities.csproj", "{470D3664-9A41-41C0-87CF-19CBA17DA59A}"
EndProject
Project("{FAE04EC0-301F-11D3-BF4B-00C04F79EFBC}") = "Repositories", "Repositories\Repositories.csproj", "{960D3E02-24C9-4C2A-B583-4EBCD1016829}"
EndProject
Project("{FAE04EC0-301F-11D3-BF4B-00C04F79EFBC}") = "Services", "Services\Services.csproj", "{11C74642-AF55-44C0-BC14-0BE4AC8C2E74}"
EndProject
Project("{FAE04EC0-301F-11D3-BF4B-00C04F79EFBC}") = "Presentation", "Presentation\Presentation.csproj", "{C93243D7-1BE5-4C2D-A098-E22C16110663}"
EndProject
Global
	GlobalSection(SolutionConfigurationPlatforms) = preSolution
		Debug|Any CPU = Debug|Any CPU
		Release|Any CPU = Release|Any CPU
	EndGlobalSection
	GlobalSection(SolutionProperties) = preSolution
		HideSolutionNode = FALSE
	EndGlobalSection
	GlobalSection(ProjectConfigurationPlatforms) = postSolution
		{9018CC84-FF21-4FB7-BF8A-AEF9E3B99BF1}.Debug|Any CPU.ActiveCfg = Debug|Any CPU
		{9018CC84-FF21-4FB7-BF8A-AEF9E3B99BF1}.Debug|Any CPU.Build.0 = Debug|Any CPU
		{9018CC84-FF21-4FB7-BF8A-AEF9E3B99BF1}.Release|Any CPU.ActiveCfg = Release|Any CPU
		{9018CC84-FF21-4FB7-BF8A-AEF9E3B99BF1}.Release|Any CPU.Build.0 = Release|Any CPU
		{470D3664-9A41-41C0-87CF-19CBA17DA59A}.Debug|Any CPU.ActiveCfg = Debug|Any CPU
		{470D3664-9A41-41C0-87CF-19CBA17DA59A}.Debug|Any CPU.Build.0 = Debug|Any CPU
		{470D3664-9A41-41C0-87CF-19CBA17DA59A}.Release|Any CPU.ActiveCfg = Release|Any CPU
		{470D3664-9A41-41C0-87CF-19CBA17DA59A}.Release|Any CPU.Build.0 = Release|Any CPU
		{960D3E02-24C9-4C2A-B583-4EBCD1016829}.Debug|Any CPU.ActiveCfg = Debug|Any CPU
		{960D3E02-24C9-4C2A-B583-4EBCD1016829}.Debug|Any CPU.Build.0 = Debug|Any CPU
		{960D3E02-24C9-4C2A-B583-4EBCD1016829}.Release|Any CPU.ActiveCfg = Release|Any CPU
		{960D3E02-24C9-4C2A-B583-4EBCD1016829}.Release|Any CPU.Build.0 = Release|Any CPU
		{11C74642-AF55-44C0-BC14-0BE4AC8C2E74}.Debug|Any CPU.ActiveCfg = Debug|Any CPU
		{11C74642-AF55-44C0-BC14-0BE4AC8C2E74}.Debug|Any CPU.Build.0 = Debug|Any CPU
		{11C74642-AF55-44C0-BC14-0BE4AC8C2E74}.Release|Any CPU.ActiveCfg = Release|Any CPU
		{11C74642-AF55-44C0-BC14-0BE4AC8C2E74}.Release|Any CPU.Build.0 = Release|Any CPU
		{C93243D7-1BE5-4C2D-A098-E22C16110663}.Debug|Any CPU.ActiveCfg = Debug|Any CPU
		{C93243D7-1BE5-4C2D-A098-E22C16110663}.Debug|Any CPU.Build.0 = Debug|Any CPU
		{C93243D7-1BE5-4C2D-A098-E22C16110663}.Release|Any CPU.ActiveCfg = Release|Any CPU
		{C93243D7-1BE5-4C2D-A098-E22C16110663}.Release|Any CPU.Build.0 = Release|Any CPU
	EndGlobalSection
EndGlobal
